// !$*UTF8*$!
{
	archiveVersion = 1;
	classes = {
	};
	objectVersion = 50;
	objects = {

/* Begin PBXBuildFile section */
		F408DA89270CA60200121196 /* AppDelegate.swift in Sources */ = {isa = PBXBuildFile; fileRef = F408DA88270CA60200121196 /* AppDelegate.swift */; };
		F408DA8B270CA60200121196 /* SceneDelegate.swift in Sources */ = {isa = PBXBuildFile; fileRef = F408DA8A270CA60200121196 /* SceneDelegate.swift */; };
		F408DA8D270CA60200121196 /* DashboardViewController.swift in Sources */ = {isa = PBXBuildFile; fileRef = F408DA8C270CA60200121196 /* DashboardViewController.swift */; };
		F408DA90270CA60200121196 /* Main.storyboard in Resources */ = {isa = PBXBuildFile; fileRef = F408DA8E270CA60200121196 /* Main.storyboard */; };
		F408DA92270CA60500121196 /* Assets.xcassets in Resources */ = {isa = PBXBuildFile; fileRef = F408DA91270CA60500121196 /* Assets.xcassets */; };
		F408DA95270CA60500121196 /* LaunchScreen.storyboard in Resources */ = {isa = PBXBuildFile; fileRef = F408DA93270CA60500121196 /* LaunchScreen.storyboard */; };
		F408DAAB270CA60500121196 /* ClearScoreAppUITests.swift in Sources */ = {isa = PBXBuildFile; fileRef = F408DAAA270CA60500121196 /* ClearScoreAppUITests.swift */; };
		F408DAC8270CD96D00121196 /* DashboardViewModel.swift in Sources */ = {isa = PBXBuildFile; fileRef = F408DAC7270CD96D00121196 /* DashboardViewModel.swift */; };
		F408DAD1270CD99A00121196 /* Constants.swift in Sources */ = {isa = PBXBuildFile; fileRef = F408DAD0270CD99A00121196 /* Constants.swift */; };
		F408DAE8270CDC6300121196 /* Extensions.swift in Sources */ = {isa = PBXBuildFile; fileRef = F408DAE7270CDC6300121196 /* Extensions.swift */; };
		F408DAF3270CDE3400121196 /* BaseViewController.swift in Sources */ = {isa = PBXBuildFile; fileRef = F408DAF2270CDE3400121196 /* BaseViewController.swift */; };
		F408DB01270CE08A00121196 /* WebServiceManager.swift in Sources */ = {isa = PBXBuildFile; fileRef = F408DB00270CE08A00121196 /* WebServiceManager.swift */; };
		F408DB12270CE89400121196 /* CreditScoreResponseModel.swift in Sources */ = {isa = PBXBuildFile; fileRef = F408DB11270CE89400121196 /* CreditScoreResponseModel.swift */; };
		F408DB1A270CF2CA00121196 /* Localizable.strings in Resources */ = {isa = PBXBuildFile; fileRef = F408DB19270CF2CA00121196 /* Localizable.strings */; };
		F47D1F21270F41FF009A7E06 /* DashboardDetailsViewController.swift in Sources */ = {isa = PBXBuildFile; fileRef = F47D1F20270F41FF009A7E06 /* DashboardDetailsViewController.swift */; };
		F47D1F29270F752D009A7E06 /* DashboardViewModelTests.swift in Sources */ = {isa = PBXBuildFile; fileRef = F47D1F28270F752D009A7E06 /* DashboardViewModelTests.swift */; };
		F47D1F31270F7700009A7E06 /* DashboardDetailsViewModel.swift in Sources */ = {isa = PBXBuildFile; fileRef = F47D1F30270F7700009A7E06 /* DashboardDetailsViewModel.swift */; };
		F47D1F3B270F7DA6009A7E06 /* DashboardViewModel.swift in Sources */ = {isa = PBXBuildFile; fileRef = F408DAC7270CD96D00121196 /* DashboardViewModel.swift */; };
		F47D1F3F270F7DB5009A7E06 /* CreditScoreResponseModel.swift in Sources */ = {isa = PBXBuildFile; fileRef = F408DB11270CE89400121196 /* CreditScoreResponseModel.swift */; };
		F47D1F43270F7DC2009A7E06 /* Constants.swift in Sources */ = {isa = PBXBuildFile; fileRef = F408DAD0270CD99A00121196 /* Constants.swift */; };
		F47D1F47270F7DC7009A7E06 /* WebServiceManager.swift in Sources */ = {isa = PBXBuildFile; fileRef = F408DB00270CE08A00121196 /* WebServiceManager.swift */; };
		F47D1F4B270F7DD6009A7E06 /* Extensions.swift in Sources */ = {isa = PBXBuildFile; fileRef = F408DAE7270CDC6300121196 /* Extensions.swift */; };
		F47D1F73270F8CB3009A7E06 /* CreditScoreStubResponse.json in Resources */ = {isa = PBXBuildFile; fileRef = F47D1F5E270F897A009A7E06 /* CreditScoreStubResponse.json */; };
/* End PBXBuildFile section */

/* Begin PBXContainerItemProxy section */
		F408DA9C270CA60500121196 /* PBXContainerItemProxy */ = {
			isa = PBXContainerItemProxy;
			containerPortal = F408DA7D270CA60200121196 /* Project object */;
			proxyType = 1;
			remoteGlobalIDString = F408DA84270CA60200121196;
			remoteInfo = ClearScoreApp;
		};
		F408DAA7270CA60500121196 /* PBXContainerItemProxy */ = {
			isa = PBXContainerItemProxy;
			containerPortal = F408DA7D270CA60200121196 /* Project object */;
			proxyType = 1;
			remoteGlobalIDString = F408DA84270CA60200121196;
			remoteInfo = ClearScoreApp;
		};
/* End PBXContainerItemProxy section */

/* Begin PBXFileReference section */
		F408DA85270CA60200121196 /* ClearScoreApp.app */ = {isa = PBXFileReference; explicitFileType = wrapper.application; includeInIndex = 0; path = ClearScoreApp.app; sourceTree = BUILT_PRODUCTS_DIR; };
		F408DA88270CA60200121196 /* AppDelegate.swift */ = {isa = PBXFileReference; lastKnownFileType = sourcecode.swift; path = AppDelegate.swift; sourceTree = "<group>"; };
		F408DA8A270CA60200121196 /* SceneDelegate.swift */ = {isa = PBXFileReference; lastKnownFileType = sourcecode.swift; path = SceneDelegate.swift; sourceTree = "<group>"; };
		F408DA8C270CA60200121196 /* DashboardViewController.swift */ = {isa = PBXFileReference; lastKnownFileType = sourcecode.swift; path = DashboardViewController.swift; sourceTree = "<group>"; };
		F408DA8F270CA60200121196 /* Base */ = {isa = PBXFileReference; lastKnownFileType = file.storyboard; name = Base; path = Base.lproj/Main.storyboard; sourceTree = "<group>"; };
		F408DA91270CA60500121196 /* Assets.xcassets */ = {isa = PBXFileReference; lastKnownFileType = folder.assetcatalog; path = Assets.xcassets; sourceTree = "<group>"; };
		F408DA94270CA60500121196 /* Base */ = {isa = PBXFileReference; lastKnownFileType = file.storyboard; name = Base; path = Base.lproj/LaunchScreen.storyboard; sourceTree = "<group>"; };
		F408DA96270CA60500121196 /* Info.plist */ = {isa = PBXFileReference; lastKnownFileType = text.plist.xml; path = Info.plist; sourceTree = "<group>"; };
		F408DA9B270CA60500121196 /* ClearScoreAppTests.xctest */ = {isa = PBXFileReference; explicitFileType = wrapper.cfbundle; includeInIndex = 0; path = ClearScoreAppTests.xctest; sourceTree = BUILT_PRODUCTS_DIR; };
		F408DAA1270CA60500121196 /* Info.plist */ = {isa = PBXFileReference; lastKnownFileType = text.plist.xml; path = Info.plist; sourceTree = "<group>"; };
		F408DAA6270CA60500121196 /* ClearScoreAppUITests.xctest */ = {isa = PBXFileReference; explicitFileType = wrapper.cfbundle; includeInIndex = 0; path = ClearScoreAppUITests.xctest; sourceTree = BUILT_PRODUCTS_DIR; };
		F408DAAA270CA60500121196 /* ClearScoreAppUITests.swift */ = {isa = PBXFileReference; lastKnownFileType = sourcecode.swift; path = ClearScoreAppUITests.swift; sourceTree = "<group>"; };
		F408DAAC270CA60500121196 /* Info.plist */ = {isa = PBXFileReference; lastKnownFileType = text.plist.xml; path = Info.plist; sourceTree = "<group>"; };
		F408DAC7270CD96D00121196 /* DashboardViewModel.swift */ = {isa = PBXFileReference; lastKnownFileType = sourcecode.swift; path = DashboardViewModel.swift; sourceTree = "<group>"; };
		F408DAD0270CD99A00121196 /* Constants.swift */ = {isa = PBXFileReference; lastKnownFileType = sourcecode.swift; path = Constants.swift; sourceTree = "<group>"; };
		F408DAE7270CDC6300121196 /* Extensions.swift */ = {isa = PBXFileReference; fileEncoding = 4; lastKnownFileType = sourcecode.swift; path = Extensions.swift; sourceTree = "<group>"; };
		F408DAF2270CDE3400121196 /* BaseViewController.swift */ = {isa = PBXFileReference; fileEncoding = 4; lastKnownFileType = sourcecode.swift; path = BaseViewController.swift; sourceTree = "<group>"; };
		F408DB00270CE08A00121196 /* WebServiceManager.swift */ = {isa = PBXFileReference; lastKnownFileType = sourcecode.swift; path = WebServiceManager.swift; sourceTree = "<group>"; };
		F408DB11270CE89400121196 /* CreditScoreResponseModel.swift */ = {isa = PBXFileReference; lastKnownFileType = sourcecode.swift; path = CreditScoreResponseModel.swift; sourceTree = "<group>"; };
		F408DB19270CF2CA00121196 /* Localizable.strings */ = {isa = PBXFileReference; lastKnownFileType = text.plist.strings; path = Localizable.strings; sourceTree = "<group>"; };
		F47D1F20270F41FF009A7E06 /* DashboardDetailsViewController.swift */ = {isa = PBXFileReference; lastKnownFileType = sourcecode.swift; path = DashboardDetailsViewController.swift; sourceTree = "<group>"; };
		F47D1F28270F752D009A7E06 /* DashboardViewModelTests.swift */ = {isa = PBXFileReference; lastKnownFileType = sourcecode.swift; path = DashboardViewModelTests.swift; sourceTree = "<group>"; };
		F47D1F30270F7700009A7E06 /* DashboardDetailsViewModel.swift */ = {isa = PBXFileReference; lastKnownFileType = sourcecode.swift; path = DashboardDetailsViewModel.swift; sourceTree = "<group>"; };
		F47D1F5E270F897A009A7E06 /* CreditScoreStubResponse.json */ = {isa = PBXFileReference; lastKnownFileType = text.json; path = CreditScoreStubResponse.json; sourceTree = "<group>"; };
/* End PBXFileReference section */

/* Begin PBXFrameworksBuildPhase section */
		F408DA82270CA60200121196 /* Frameworks */ = {
			isa = PBXFrameworksBuildPhase;
			buildActionMask = 2147483647;
			files = (
			);
			runOnlyForDeploymentPostprocessing = 0;
		};
		F408DA98270CA60500121196 /* Frameworks */ = {
			isa = PBXFrameworksBuildPhase;
			buildActionMask = 2147483647;
			files = (
			);
			runOnlyForDeploymentPostprocessing = 0;
		};
		F408DAA3270CA60500121196 /* Frameworks */ = {
			isa = PBXFrameworksBuildPhase;
			buildActionMask = 2147483647;
			files = (
			);
			runOnlyForDeploymentPostprocessing = 0;
		};
/* End PBXFrameworksBuildPhase section */

/* Begin PBXGroup section */
		F408DA7C270CA60200121196 = {
			isa = PBXGroup;
			children = (
				F408DA87270CA60200121196 /* ClearScoreApp */,
				F408DA9E270CA60500121196 /* ClearScoreAppTests */,
				F408DAA9270CA60500121196 /* ClearScoreAppUITests */,
				F408DA86270CA60200121196 /* Products */,
			);
			sourceTree = "<group>";
		};
		F408DA86270CA60200121196 /* Products */ = {
			isa = PBXGroup;
			children = (
				F408DA85270CA60200121196 /* ClearScoreApp.app */,
				F408DA9B270CA60500121196 /* ClearScoreAppTests.xctest */,
				F408DAA6270CA60500121196 /* ClearScoreAppUITests.xctest */,
			);
			name = Products;
			sourceTree = "<group>";
		};
		F408DA87270CA60200121196 /* ClearScoreApp */ = {
			isa = PBXGroup;
			children = (
				F408DAF1270CDE2600121196 /* BaseView */,
				F408DABF270CD8E300121196 /* Dashboard Details */,
				F408DABE270CD8D900121196 /* Dashboard */,
				F408DACF270CD98800121196 /* Common */,
				F47D1F7D270F94B6009A7E06 /* Resources */,
				F408DA88270CA60200121196 /* AppDelegate.swift */,
				F408DA8A270CA60200121196 /* SceneDelegate.swift */,
				F408DA91270CA60500121196 /* Assets.xcassets */,
			);
			path = ClearScoreApp;
			sourceTree = "<group>";
		};
		F408DA9E270CA60500121196 /* ClearScoreAppTests */ = {
			isa = PBXGroup;
			children = (
				F47D1F28270F752D009A7E06 /* DashboardViewModelTests.swift */,
				F408DAA1270CA60500121196 /* Info.plist */,
			);
			path = ClearScoreAppTests;
			sourceTree = "<group>";
		};
		F408DAA9270CA60500121196 /* ClearScoreAppUITests */ = {
			isa = PBXGroup;
			children = (
				F408DAAA270CA60500121196 /* ClearScoreAppUITests.swift */,
				F408DAAC270CA60500121196 /* Info.plist */,
			);
			path = ClearScoreAppUITests;
			sourceTree = "<group>";
		};
		F408DABE270CD8D900121196 /* Dashboard */ = {
			isa = PBXGroup;
			children = (
				F408DAD8270CDA4B00121196 /* Models */,
				F408DADD270CDB2400121196 /* ViewModels */,
				F408DA8C270CA60200121196 /* DashboardViewController.swift */,
			);
			path = Dashboard;
			sourceTree = "<group>";
		};
		F408DABF270CD8E300121196 /* Dashboard Details */ = {
			isa = PBXGroup;
			children = (
				F47D1F30270F7700009A7E06 /* DashboardDetailsViewModel.swift */,
				F47D1F20270F41FF009A7E06 /* DashboardDetailsViewController.swift */,
			);
			path = "Dashboard Details";
			sourceTree = "<group>";
		};
		F408DACF270CD98800121196 /* Common */ = {
			isa = PBXGroup;
			children = (
				F408DAE7270CDC6300121196 /* Extensions.swift */,
				F408DAD0270CD99A00121196 /* Constants.swift */,
				F408DB00270CE08A00121196 /* WebServiceManager.swift */,
			);
			path = Common;
			sourceTree = "<group>";
		};
		F408DAD8270CDA4B00121196 /* Models */ = {
			isa = PBXGroup;
			children = (
				F408DB11270CE89400121196 /* CreditScoreResponseModel.swift */,
			);
			path = Models;
			sourceTree = "<group>";
		};
		F408DADD270CDB2400121196 /* ViewModels */ = {
			isa = PBXGroup;
			children = (
				F408DAC7270CD96D00121196 /* DashboardViewModel.swift */,
			);
			path = ViewModels;
			sourceTree = "<group>";
		};
		F408DAF1270CDE2600121196 /* BaseView */ = {
			isa = PBXGroup;
			children = (
				F408DA93270CA60500121196 /* LaunchScreen.storyboard */,
				F408DA8E270CA60200121196 /* Main.storyboard */,
				F408DAF2270CDE3400121196 /* BaseViewController.swift */,
			);
			path = BaseView;
			sourceTree = "<group>";
		};
		F47D1F7D270F94B6009A7E06 /* Resources */ = {
			isa = PBXGroup;
			children = (
				F408DB19270CF2CA00121196 /* Localizable.strings */,
				F47D1F5E270F897A009A7E06 /* CreditScoreStubResponse.json */,
				F408DA96270CA60500121196 /* Info.plist */,
			);
			path = Resources;
			sourceTree = "<group>";
		};
/* End PBXGroup section */

/* Begin PBXNativeTarget section */
		F408DA84270CA60200121196 /* ClearScoreApp */ = {
			isa = PBXNativeTarget;
			buildConfigurationList = F408DAAF270CA60500121196 /* Build configuration list for PBXNativeTarget "ClearScoreApp" */;
			buildPhases = (
				F408DA81270CA60200121196 /* Sources */,
				F408DA82270CA60200121196 /* Frameworks */,
				F408DA83270CA60200121196 /* Resources */,
			);
			buildRules = (
			);
			dependencies = (
			);
			name = ClearScoreApp;
			packageProductDependencies = (
			);
			productName = ClearScoreApp;
			productReference = F408DA85270CA60200121196 /* ClearScoreApp.app */;
			productType = "com.apple.product-type.application";
		};
		F408DA9A270CA60500121196 /* ClearScoreAppTests */ = {
			isa = PBXNativeTarget;
			buildConfigurationList = F408DAB2270CA60500121196 /* Build configuration list for PBXNativeTarget "ClearScoreAppTests" */;
			buildPhases = (
				F408DA97270CA60500121196 /* Sources */,
				F408DA98270CA60500121196 /* Frameworks */,
				F408DA99270CA60500121196 /* Resources */,
			);
			buildRules = (
			);
			dependencies = (
				F408DA9D270CA60500121196 /* PBXTargetDependency */,
			);
			name = ClearScoreAppTests;
			productName = ClearScoreAppTests;
			productReference = F408DA9B270CA60500121196 /* ClearScoreAppTests.xctest */;
			productType = "com.apple.product-type.bundle.unit-test";
		};
		F408DAA5270CA60500121196 /* ClearScoreAppUITests */ = {
			isa = PBXNativeTarget;
			buildConfigurationList = F408DAB5270CA60500121196 /* Build configuration list for PBXNativeTarget "ClearScoreAppUITests" */;
			buildPhases = (
				F408DAA2270CA60500121196 /* Sources */,
				F408DAA3270CA60500121196 /* Frameworks */,
				F408DAA4270CA60500121196 /* Resources */,
			);
			buildRules = (
			);
			dependencies = (
				F408DAA8270CA60500121196 /* PBXTargetDependency */,
			);
			name = ClearScoreAppUITests;
			productName = ClearScoreAppUITests;
			productReference = F408DAA6270CA60500121196 /* ClearScoreAppUITests.xctest */;
			productType = "com.apple.product-type.bundle.ui-testing";
		};
/* End PBXNativeTarget section */

/* Begin PBXProject section */
		F408DA7D270CA60200121196 /* Project object */ = {
			isa = PBXProject;
			attributes = {
				LastSwiftUpdateCheck = 1240;
				LastUpgradeCheck = 1240;
				TargetAttributes = {
					F408DA84270CA60200121196 = {
						CreatedOnToolsVersion = 12.4;
					};
					F408DA9A270CA60500121196 = {
						CreatedOnToolsVersion = 12.4;
						TestTargetID = F408DA84270CA60200121196;
					};
					F408DAA5270CA60500121196 = {
						CreatedOnToolsVersion = 12.4;
						TestTargetID = F408DA84270CA60200121196;
					};
				};
			};
			buildConfigurationList = F408DA80270CA60200121196 /* Build configuration list for PBXProject "ClearScoreApp" */;
			compatibilityVersion = "Xcode 9.3";
			developmentRegion = en;
			hasScannedForEncodings = 0;
			knownRegions = (
				en,
				Base,
			);
			mainGroup = F408DA7C270CA60200121196;
			packageReferences = (
			);
			productRefGroup = F408DA86270CA60200121196 /* Products */;
			projectDirPath = "";
			projectRoot = "";
			targets = (
				F408DA84270CA60200121196 /* ClearScoreApp */,
				F408DA9A270CA60500121196 /* ClearScoreAppTests */,
				F408DAA5270CA60500121196 /* ClearScoreAppUITests */,
			);
		};
/* End PBXProject section */

/* Begin PBXResourcesBuildPhase section */
		F408DA83270CA60200121196 /* Resources */ = {
			isa = PBXResourcesBuildPhase;
			buildActionMask = 2147483647;
			files = (
				F408DA95270CA60500121196 /* LaunchScreen.storyboard in Resources */,
				F408DB1A270CF2CA00121196 /* Localizable.strings in Resources */,
				F408DA92270CA60500121196 /* Assets.xcassets in Resources */,
				F47D1F73270F8CB3009A7E06 /* CreditScoreStubResponse.json in Resources */,
				F408DA90270CA60200121196 /* Main.storyboard in Resources */,
			);
			runOnlyForDeploymentPostprocessing = 0;
		};
		F408DA99270CA60500121196 /* Resources */ = {
			isa = PBXResourcesBuildPhase;
			buildActionMask = 2147483647;
			files = (
			);
			runOnlyForDeploymentPostprocessing = 0;
		};
		F408DAA4270CA60500121196 /* Resources */ = {
			isa = PBXResourcesBuildPhase;
			buildActionMask = 2147483647;
			files = (
			);
			runOnlyForDeploymentPostprocessing = 0;
		};
/* End PBXResourcesBuildPhase section */

/* Begin PBXSourcesBuildPhase section */
		F408DA81270CA60200121196 /* Sources */ = {
			isa = PBXSourcesBuildPhase;
			buildActionMask = 2147483647;
			files = (
				F408DAD1270CD99A00121196 /* Constants.swift in Sources */,
				F408DB01270CE08A00121196 /* WebServiceManager.swift in Sources */,
				F47D1F21270F41FF009A7E06 /* DashboardDetailsViewController.swift in Sources */,
				F408DAE8270CDC6300121196 /* Extensions.swift in Sources */,
				F408DA8D270CA60200121196 /* DashboardViewController.swift in Sources */,
				F408DA89270CA60200121196 /* AppDelegate.swift in Sources */,
				F408DAF3270CDE3400121196 /* BaseViewController.swift in Sources */,
				F47D1F31270F7700009A7E06 /* DashboardDetailsViewModel.swift in Sources */,
				F408DA8B270CA60200121196 /* SceneDelegate.swift in Sources */,
				F408DB12270CE89400121196 /* CreditScoreResponseModel.swift in Sources */,
				F408DAC8270CD96D00121196 /* DashboardViewModel.swift in Sources */,
			);
			runOnlyForDeploymentPostprocessing = 0;
		};
		F408DA97270CA60500121196 /* Sources */ = {
			isa = PBXSourcesBuildPhase;
			buildActionMask = 2147483647;
			files = (
				F47D1F43270F7DC2009A7E06 /* Constants.swift in Sources */,
				F47D1F3F270F7DB5009A7E06 /* CreditScoreResponseModel.swift in Sources */,
				F47D1F47270F7DC7009A7E06 /* WebServiceManager.swift in Sources */,
				F47D1F3B270F7DA6009A7E06 /* DashboardViewModel.swift in Sources */,
				F47D1F29270F752D009A7E06 /* DashboardViewModelTests.swift in Sources */,
				F47D1F4B270F7DD6009A7E06 /* Extensions.swift in Sources */,
			);
			runOnlyForDeploymentPostprocessing = 0;
		};
		F408DAA2270CA60500121196 /* Sources */ = {
			isa = PBXSourcesBuildPhase;
			buildActionMask = 2147483647;
			files = (
				F408DAAB270CA60500121196 /* ClearScoreAppUITests.swift in Sources */,
			);
			runOnlyForDeploymentPostprocessing = 0;
		};
/* End PBXSourcesBuildPhase section */

/* Begin PBXTargetDependency section */
		F408DA9D270CA60500121196 /* PBXTargetDependency */ = {
			isa = PBXTargetDependency;
			target = F408DA84270CA60200121196 /* ClearScoreApp */;
			targetProxy = F408DA9C270CA60500121196 /* PBXContainerItemProxy */;
		};
		F408DAA8270CA60500121196 /* PBXTargetDependency */ = {
			isa = PBXTargetDependency;
			target = F408DA84270CA60200121196 /* ClearScoreApp */;
			targetProxy = F408DAA7270CA60500121196 /* PBXContainerItemProxy */;
		};
/* End PBXTargetDependency section */

/* Begin PBXVariantGroup section */
		F408DA8E270CA60200121196 /* Main.storyboard */ = {
			isa = PBXVariantGroup;
			children = (
				F408DA8F270CA60200121196 /* Base */,
			);
			name = Main.storyboard;
			sourceTree = "<group>";
		};
		F408DA93270CA60500121196 /* LaunchScreen.storyboard */ = {
			isa = PBXVariantGroup;
			children = (
				F408DA94270CA60500121196 /* Base */,
			);
			name = LaunchScreen.storyboard;
			sourceTree = "<group>";
		};
/* End PBXVariantGroup section */

/* Begin XCBuildConfiguration section */
		F408DAAD270CA60500121196 /* Debug */ = {
			isa = XCBuildConfiguration;
			buildSettings = {
				ALWAYS_SEARCH_USER_PATHS = NO;
				CLANG_ANALYZER_NONNULL = YES;
				CLANG_ANALYZER_NUMBER_OBJECT_CONVERSION = YES_AGGRESSIVE;
				CLANG_CXX_LANGUAGE_STANDARD = "gnu++14";
				CLANG_CXX_LIBRARY = "libc++";
				CLANG_ENABLE_MODULES = YES;
				CLANG_ENABLE_OBJC_ARC = YES;
				CLANG_ENABLE_OBJC_WEAK = YES;
				CLANG_WARN_BLOCK_CAPTURE_AUTORELEASING = YES;
				CLANG_WARN_BOOL_CONVERSION = YES;
				CLANG_WARN_COMMA = YES;
				CLANG_WARN_CONSTANT_CONVERSION = YES;
				CLANG_WARN_DEPRECATED_OBJC_IMPLEMENTATIONS = YES;
				CLANG_WARN_DIRECT_OBJC_ISA_USAGE = YES_ERROR;
				CLANG_WARN_DOCUMENTATION_COMMENTS = YES;
				CLANG_WARN_EMPTY_BODY = YES;
				CLANG_WARN_ENUM_CONVERSION = YES;
				CLANG_WARN_INFINITE_RECURSION = YES;
				CLANG_WARN_INT_CONVERSION = YES;
				CLANG_WARN_NON_LITERAL_NULL_CONVERSION = YES;
				CLANG_WARN_OBJC_IMPLICIT_RETAIN_SELF = YES;
				CLANG_WARN_OBJC_LITERAL_CONVERSION = YES;
				CLANG_WARN_OBJC_ROOT_CLASS = YES_ERROR;
				CLANG_WARN_QUOTED_INCLUDE_IN_FRAMEWORK_HEADER = YES;
				CLANG_WARN_RANGE_LOOP_ANALYSIS = YES;
				CLANG_WARN_STRICT_PROTOTYPES = YES;
				CLANG_WARN_SUSPICIOUS_MOVE = YES;
				CLANG_WARN_UNGUARDED_AVAILABILITY = YES_AGGRESSIVE;
				CLANG_WARN_UNREACHABLE_CODE = YES;
				CLANG_WARN__DUPLICATE_METHOD_MATCH = YES;
				COPY_PHASE_STRIP = NO;
				DEBUG_INFORMATION_FORMAT = dwarf;
				ENABLE_STRICT_OBJC_MSGSEND = YES;
				ENABLE_TESTABILITY = YES;
				GCC_C_LANGUAGE_STANDARD = gnu11;
				GCC_DYNAMIC_NO_PIC = NO;
				GCC_NO_COMMON_BLOCKS = YES;
				GCC_OPTIMIZATION_LEVEL = 0;
				GCC_PREPROCESSOR_DEFINITIONS = (
					"DEBUG=1",
					"$(inherited)",
				);
				GCC_WARN_64_TO_32_BIT_CONVERSION = YES;
				GCC_WARN_ABOUT_RETURN_TYPE = YES_ERROR;
				GCC_WARN_UNDECLARED_SELECTOR = YES;
				GCC_WARN_UNINITIALIZED_AUTOS = YES_AGGRESSIVE;
				GCC_WARN_UNUSED_FUNCTION = YES;
				GCC_WARN_UNUSED_VARIABLE = YES;
				IPHONEOS_DEPLOYMENT_TARGET = 14.4;
				MTL_ENABLE_DEBUG_INFO = INCLUDE_SOURCE;
				MTL_FAST_MATH = YES;
				ONLY_ACTIVE_ARCH = YES;
				SDKROOT = iphoneos;
				SWIFT_ACTIVE_COMPILATION_CONDITIONS = DEBUG;
				SWIFT_OPTIMIZATION_LEVEL = "-Onone";
			};
			name = Debug;
		};
		F408DAAE270CA60500121196 /* Release */ = {
			isa = XCBuildConfiguration;
			buildSettings = {
				ALWAYS_SEARCH_USER_PATHS = NO;
				CLANG_ANALYZER_NONNULL = YES;
				CLANG_ANALYZER_NUMBER_OBJECT_CONVERSION = YES_AGGRESSIVE;
				CLANG_CXX_LANGUAGE_STANDARD = "gnu++14";
				CLANG_CXX_LIBRARY = "libc++";
				CLANG_ENABLE_MODULES = YES;
				CLANG_ENABLE_OBJC_ARC = YES;
				CLANG_ENABLE_OBJC_WEAK = YES;
				CLANG_WARN_BLOCK_CAPTURE_AUTORELEASING = YES;
				CLANG_WARN_BOOL_CONVERSION = YES;
				CLANG_WARN_COMMA = YES;
				CLANG_WARN_CONSTANT_CONVERSION = YES;
				CLANG_WARN_DEPRECATED_OBJC_IMPLEMENTATIONS = YES;
				CLANG_WARN_DIRECT_OBJC_ISA_USAGE = YES_ERROR;
				CLANG_WARN_DOCUMENTATION_COMMENTS = YES;
				CLANG_WARN_EMPTY_BODY = YES;
				CLANG_WARN_ENUM_CONVERSION = YES;
				CLANG_WARN_INFINITE_RECURSION = YES;
				CLANG_WARN_INT_CONVERSION = YES;
				CLANG_WARN_NON_LITERAL_NULL_CONVERSION = YES;
				CLANG_WARN_OBJC_IMPLICIT_RETAIN_SELF = YES;
				CLANG_WARN_OBJC_LITERAL_CONVERSION = YES;
				CLANG_WARN_OBJC_ROOT_CLASS = YES_ERROR;
				CLANG_WARN_QUOTED_INCLUDE_IN_FRAMEWORK_HEADER = YES;
				CLANG_WARN_RANGE_LOOP_ANALYSIS = YES;
				CLANG_WARN_STRICT_PROTOTYPES = YES;
				CLANG_WARN_SUSPICIOUS_MOVE = YES;
				CLANG_WARN_UNGUARDED_AVAILABILITY = YES_AGGRESSIVE;
				CLANG_WARN_UNREACHABLE_CODE = YES;
				CLANG_WARN__DUPLICATE_METHOD_MATCH = YES;
				COPY_PHASE_STRIP = NO;
				DEBUG_INFORMATION_FORMAT = "dwarf-with-dsym";
				ENABLE_NS_ASSERTIONS = NO;
				ENABLE_STRICT_OBJC_MSGSEND = YES;
				GCC_C_LANGUAGE_STANDARD = gnu11;
				GCC_NO_COMMON_BLOCKS = YES;
				GCC_WARN_64_TO_32_BIT_CONVERSION = YES;
				GCC_WARN_ABOUT_RETURN_TYPE = YES_ERROR;
				GCC_WARN_UNDECLARED_SELECTOR = YES;
				GCC_WARN_UNINITIALIZED_AUTOS = YES_AGGRESSIVE;
				GCC_WARN_UNUSED_FUNCTION = YES;
				GCC_WARN_UNUSED_VARIABLE = YES;
				IPHONEOS_DEPLOYMENT_TARGET = 14.4;
				MTL_ENABLE_DEBUG_INFO = NO;
				MTL_FAST_MATH = YES;
				SDKROOT = iphoneos;
				SWIFT_COMPILATION_MODE = wholemodule;
				SWIFT_OPTIMIZATION_LEVEL = "-O";
				VALIDATE_PRODUCT = YES;
			};
			name = Release;
		};
		F408DAB0270CA60500121196 /* Debug */ = {
			isa = XCBuildConfiguration;
			buildSettings = {
				ASSETCATALOG_COMPILER_APPICON_NAME = AppIcon;
				ASSETCATALOG_COMPILER_GLOBAL_ACCENT_COLOR_NAME = AccentColor;
				CODE_SIGN_IDENTITY = "Apple Development";
				CODE_SIGN_STYLE = Automatic;
				DEVELOPMENT_ASSET_PATHS = "";
				DEVELOPMENT_TEAM = "";
				INFOPLIST_FILE = ClearScoreApp/Resources/Info.plist;
				LD_RUNPATH_SEARCH_PATHS = (
					"$(inherited)",
					"@executable_path/Frameworks",
				);
				PRODUCT_BUNDLE_IDENTIFIER = com.nileshprajapati.ClearScoreApp;
				PRODUCT_NAME = "$(TARGET_NAME)";
				PROVISIONING_PROFILE_SPECIFIER = "";
				SWIFT_VERSION = 5.0;
				TARGETED_DEVICE_FAMILY = 1;
			};
			name = Debug;
		};
		F408DAB1270CA60500121196 /* Release */ = {
			isa = XCBuildConfiguration;
			buildSettings = {
				ASSETCATALOG_COMPILER_APPICON_NAME = AppIcon;
				ASSETCATALOG_COMPILER_GLOBAL_ACCENT_COLOR_NAME = AccentColor;
				CODE_SIGN_IDENTITY = "Apple Development";
				CODE_SIGN_STYLE = Automatic;
				DEVELOPMENT_ASSET_PATHS = "";
				DEVELOPMENT_TEAM = "";
				INFOPLIST_FILE = ClearScoreApp/Resources/Info.plist;
				LD_RUNPATH_SEARCH_PATHS = (
					"$(inherited)",
					"@executable_path/Frameworks",
				);
				PRODUCT_BUNDLE_IDENTIFIER = com.nileshprajapati.ClearScoreApp;
				PRODUCT_NAME = "$(TARGET_NAME)";
				PROVISIONING_PROFILE_SPECIFIER = "";
				SWIFT_VERSION = 5.0;
				TARGETED_DEVICE_FAMILY = 1;
			};
			name = Release;
		};
		F408DAB3270CA60500121196 /* Debug */ = {
			isa = XCBuildConfiguration;
			buildSettings = {
				ALWAYS_EMBED_SWIFT_STANDARD_LIBRARIES = YES;
				BUNDLE_LOADER = "$(TEST_HOST)";
				CODE_SIGN_STYLE = Automatic;
				INFOPLIST_FILE = ClearScoreAppTests/Info.plist;
				IPHONEOS_DEPLOYMENT_TARGET = 14.4;
				LD_RUNPATH_SEARCH_PATHS = (
					"$(inherited)",
					"@executable_path/Frameworks",
					"@loader_path/Frameworks",
				);
				PRODUCT_BUNDLE_IDENTIFIER = com.nileshprajapati.ClearScoreAppTests;
				PRODUCT_NAME = "$(TARGET_NAME)";
				SWIFT_VERSION = 5.0;
				TARGETED_DEVICE_FAMILY = "1,2";
				TEST_HOST = "$(BUILT_PRODUCTS_DIR)/ClearScoreApp.app/ClearScoreApp";
			};
			name = Debug;
		};
		F408DAB4270CA60500121196 /* Release */ = {
			isa = XCBuildConfiguration;
			buildSettings = {
				ALWAYS_EMBED_SWIFT_STANDARD_LIBRARIES = YES;
				BUNDLE_LOADER = "$(TEST_HOST)";
				CODE_SIGN_STYLE = Automatic;
				INFOPLIST_FILE = ClearScoreAppTests/Info.plist;
				IPHONEOS_DEPLOYMENT_TARGET = 14.4;
				LD_RUNPATH_SEARCH_PATHS = (
					"$(inherited)",
					"@executable_path/Frameworks",
					"@loader_path/Frameworks",
				);
				PRODUCT_BUNDLE_IDENTIFIER = com.nileshprajapati.ClearScoreAppTests;
				PRODUCT_NAME = "$(TARGET_NAME)";
				SWIFT_VERSION = 5.0;
				TARGETED_DEVICE_FAMILY = "1,2";
				TEST_HOST = "$(BUILT_PRODUCTS_DIR)/ClearScoreApp.app/ClearScoreApp";
			};
			name = Release;
		};
		F408DAB6270CA60500121196 /* Debug */ = {
			isa = XCBuildConfiguration;
			buildSettings = {
				ALWAYS_EMBED_SWIFT_STANDARD_LIBRARIES = YES;
				CODE_SIGN_STYLE = Automatic;
				INFOPLIST_FILE = ClearScoreAppUITests/Info.plist;
				LD_RUNPATH_SEARCH_PATHS = (
					"$(inherited)",
					"@executable_path/Frameworks",
					"@loader_path/Frameworks",
				);
				PRODUCT_BUNDLE_IDENTIFIER = com.nileshprajapati.ClearScoreAppUITests;
				PRODUCT_NAME = "$(TARGET_NAME)";
				SWIFT_VERSION = 5.0;
				TARGETED_DEVICE_FAMILY = "1,2";
				TEST_TARGET_NAME = ClearScoreApp;
			};
			name = Debug;
		};
		F408DAB7270CA60500121196 /* Release */ = {
			isa = XCBuildConfiguration;
			buildSettings = {
				ALWAYS_EMBED_SWIFT_STANDARD_LIBRARIES = YES;
				CODE_SIGN_STYLE = Automatic;
				INFOPLIST_FILE = ClearScoreAppUITests/Info.plist;
				LD_RUNPATH_SEARCH_PATHS = (
					"$(inherited)",
					"@executable_path/Frameworks",
					"@loader_path/Frameworks",
				);
				PRODUCT_BUNDLE_IDENTIFIER = com.nileshprajapati.ClearScoreAppUITests;
				PRODUCT_NAME = "$(TARGET_NAME)";
				SWIFT_VERSION = 5.0;
				TARGETED_DEVICE_FAMILY = "1,2";
				TEST_TARGET_NAME = ClearScoreApp;
			};
			name = Release;
		};
/* End XCBuildConfiguration section */

/* Begin XCConfigurationList section */
		F408DA80270CA60200121196 /* Build configuration list for PBXProject "ClearScoreApp" */ = {
			isa = XCConfigurationList;
			buildConfigurations = (
				F408DAAD270CA60500121196 /* Debug */,
				F408DAAE270CA60500121196 /* Release */,
			);
			defaultConfigurationIsVisible = 0;
			defaultConfigurationName = Release;
		};
		F408DAAF270CA60500121196 /* Build configuration list for PBXNativeTarget "ClearScoreApp" */ = {
			isa = XCConfigurationList;
			buildConfigurations = (
				F408DAB0270CA60500121196 /* Debug */,
				F408DAB1270CA60500121196 /* Release */,
			);
			defaultConfigurationIsVisible = 0;
			defaultConfigurationName = Release;
		};
		F408DAB2270CA60500121196 /* Build configuration list for PBXNativeTarget "ClearScoreAppTests" */ = {
			isa = XCConfigurationList;
			buildConfigurations = (
				F408DAB3270CA60500121196 /* Debug */,
				F408DAB4270CA60500121196 /* Release */,
			);
			defaultConfigurationIsVisible = 0;
			defaultConfigurationName = Release;
		};
		F408DAB5270CA60500121196 /* Build configuration list for PBXNativeTarget "ClearScoreAppUITests" */ = {
			isa = XCConfigurationList;
			buildConfigurations = (
				F408DAB6270CA60500121196 /* Debug */,
				F408DAB7270CA60500121196 /* Release */,
			);
			defaultConfigurationIsVisible = 0;
			defaultConfigurationName = Release;
		};
/* End XCConfigurationList section */
	};
	rootObject = F408DA7D270CA60200121196 /* Project object */;
}
